// !$*UTF8*$!
{
	archiveVersion = 1;
	classes = {
	};
	objectVersion = 52;
	objects = {

/* Begin PBXBuildFile section */
		80097004258FCB48000B2A90 /* EventItemSummaryView.swift in Sources */ = {isa = PBXBuildFile; fileRef = 80097003258FCB48000B2A90 /* EventItemSummaryView.swift */; };
		80097008258FCB7E000B2A90 /* EventItemSummaryViewModel.swift in Sources */ = {isa = PBXBuildFile; fileRef = 80097007258FCB7E000B2A90 /* EventItemSummaryViewModel.swift */; };
		80168D1F258EC32900B12CA2 /* GraphView.swift in Sources */ = {isa = PBXBuildFile; fileRef = 80168D1E258EC32900B12CA2 /* GraphView.swift */; };
		80168D25258EC33000B12CA2 /* GraphViewModel.swift in Sources */ = {isa = PBXBuildFile; fileRef = 80168D24258EC33000B12CA2 /* GraphViewModel.swift */; };
		80168D2A258EC50700B12CA2 /* AllocationSummaryViewModel.swift in Sources */ = {isa = PBXBuildFile; fileRef = 80168D29258EC50700B12CA2 /* AllocationSummaryViewModel.swift */; };
		80168D30258EC50E00B12CA2 /* AllocationSummaryView.swift in Sources */ = {isa = PBXBuildFile; fileRef = 80168D2F258EC50E00B12CA2 /* AllocationSummaryView.swift */; };
		801F8962258C4461003B1A2D /* ProjectionViewModel.swift in Sources */ = {isa = PBXBuildFile; fileRef = 801F8961258C4461003B1A2D /* ProjectionViewModel.swift */; };
		8026B6B6258A5FF2006CB2FB /* SignUpEmailView.swift in Sources */ = {isa = PBXBuildFile; fileRef = 8026B6A4258A5FF1006CB2FB /* SignUpEmailView.swift */; };
		8026B6B7258A5FF2006CB2FB /* SignUpPasswordView.swift in Sources */ = {isa = PBXBuildFile; fileRef = 8026B6A6258A5FF1006CB2FB /* SignUpPasswordView.swift */; };
		8026B6B9258A5FF2006CB2FB /* SignUpModel.swift in Sources */ = {isa = PBXBuildFile; fileRef = 8026B6AA258A5FF1006CB2FB /* SignUpModel.swift */; };
		8026B6BB258A5FF2006CB2FB /* StartUpView.swift in Sources */ = {isa = PBXBuildFile; fileRef = 8026B6AE258A5FF1006CB2FB /* StartUpView.swift */; };
		8026B6BC258A5FF2006CB2FB /* StartUpViewModel.swift in Sources */ = {isa = PBXBuildFile; fileRef = 8026B6AF258A5FF1006CB2FB /* StartUpViewModel.swift */; };
		8026B6BD258A5FF2006CB2FB /* IntroductionView.swift in Sources */ = {isa = PBXBuildFile; fileRef = 8026B6B1258A5FF1006CB2FB /* IntroductionView.swift */; };
		8026B6BE258A5FF2006CB2FB /* IntroductionViewModel.swift in Sources */ = {isa = PBXBuildFile; fileRef = 8026B6B2258A5FF1006CB2FB /* IntroductionViewModel.swift */; };
		8026B6BF258A5FF2006CB2FB /* LogInViewModel.swift in Sources */ = {isa = PBXBuildFile; fileRef = 8026B6B4258A5FF1006CB2FB /* LogInViewModel.swift */; };
		8026B6C0258A5FF2006CB2FB /* LogInView.swift in Sources */ = {isa = PBXBuildFile; fileRef = 8026B6B5258A5FF1006CB2FB /* LogInView.swift */; };
		8026B6CB258A652D006CB2FB /* CredentialsObject.swift in Sources */ = {isa = PBXBuildFile; fileRef = 8026B6CA258A652D006CB2FB /* CredentialsObject.swift */; };
		8026B6D2258A6743006CB2FB /* AppTabView.swift in Sources */ = {isa = PBXBuildFile; fileRef = 8026B6D1258A6743006CB2FB /* AppTabView.swift */; };
		8026B6DF258A6C71006CB2FB /* SignUpNameView.swift in Sources */ = {isa = PBXBuildFile; fileRef = 8026B6DE258A6C71006CB2FB /* SignUpNameView.swift */; };
		8026B6E7258A7BA4006CB2FB /* LinkKit.xcframework in Embed Frameworks */ = {isa = PBXBuildFile; fileRef = 8026B6E6258A7BA4006CB2FB /* LinkKit.xcframework */; settings = {ATTRIBUTES = (CodeSignOnCopy, RemoveHeadersOnCopy, ); }; };
		8029D659258C2DD7007A44E1 /* StatisticsView.swift in Sources */ = {isa = PBXBuildFile; fileRef = 8029D658258C2DD7007A44E1 /* StatisticsView.swift */; };
		8029D664258C3730007A44E1 /* PlaidView.swift in Sources */ = {isa = PBXBuildFile; fileRef = 8029D663258C3730007A44E1 /* PlaidView.swift */; };
		80399A9D256B4D750014E2D9 /* Charts in Frameworks */ = {isa = PBXBuildFile; productRef = 80399A9C256B4D750014E2D9 /* Charts */; };
		80479C49259A51AE00CDA3DA /* PlansService.swift in Sources */ = {isa = PBXBuildFile; fileRef = 80479C48259A51AE00CDA3DA /* PlansService.swift */; };
		80479C4E259AC21800CDA3DA /* GoalSummaryViewModel.swift in Sources */ = {isa = PBXBuildFile; fileRef = 80479C4D259AC21800CDA3DA /* GoalSummaryViewModel.swift */; };
		80479C54259AC22000CDA3DA /* GoalSummaryView.swift in Sources */ = {isa = PBXBuildFile; fileRef = 80479C53259AC22000CDA3DA /* GoalSummaryView.swift */; };
		80479C59259AC29900CDA3DA /* ExpensesSummaryView.swift in Sources */ = {isa = PBXBuildFile; fileRef = 80479C58259AC29900CDA3DA /* ExpensesSummaryView.swift */; };
		80479C5F259AC2A500CDA3DA /* ExpensesSummaryViewModel.swift in Sources */ = {isa = PBXBuildFile; fileRef = 80479C5E259AC2A500CDA3DA /* ExpensesSummaryViewModel.swift */; };
		80479C64259AC2EA00CDA3DA /* AccountsSummaryView.swift in Sources */ = {isa = PBXBuildFile; fileRef = 80479C63259AC2EA00CDA3DA /* AccountsSummaryView.swift */; };
		80479C6A259AC2F300CDA3DA /* AccountsSummaryViewModel.swift in Sources */ = {isa = PBXBuildFile; fileRef = 80479C69259AC2F300CDA3DA /* AccountsSummaryViewModel.swift */; };
		80479C6F259AC36400CDA3DA /* UIColor.swift in Sources */ = {isa = PBXBuildFile; fileRef = 80479C6E259AC36400CDA3DA /* UIColor.swift */; };
		80479C75259AC60C00CDA3DA /* Color.swift in Sources */ = {isa = PBXBuildFile; fileRef = 80479C74259AC60C00CDA3DA /* Color.swift */; };
		80479C7A259AC9FF00CDA3DA /* LeaderboardView.swift in Sources */ = {isa = PBXBuildFile; fileRef = 80479C79259AC9FF00CDA3DA /* LeaderboardView.swift */; };
		80479C80259ACA0900CDA3DA /* LeaderboardViewModel.swift in Sources */ = {isa = PBXBuildFile; fileRef = 80479C7F259ACA0900CDA3DA /* LeaderboardViewModel.swift */; };
		80479C86259ACA8700CDA3DA /* LeaderboardService.swift in Sources */ = {isa = PBXBuildFile; fileRef = 80479C85259ACA8700CDA3DA /* LeaderboardService.swift */; };
		80479C8B259ACB2B00CDA3DA /* LeaderboardItemView.swift in Sources */ = {isa = PBXBuildFile; fileRef = 80479C8A259ACB2B00CDA3DA /* LeaderboardItemView.swift */; };
		804AEA66259FC222005D414C /* GoalItemSummaryView.swift in Sources */ = {isa = PBXBuildFile; fileRef = 804AEA65259FC222005D414C /* GoalItemSummaryView.swift */; };
		804AEA6D259FC2E8005D414C /* Goal.swift in Sources */ = {isa = PBXBuildFile; fileRef = 804AEA6C259FC2E8005D414C /* Goal.swift */; };
		80535FA025A91679006521D4 /* RecurringView.swift in Sources */ = {isa = PBXBuildFile; fileRef = 80535F9F25A91679006521D4 /* RecurringView.swift */; };
		80535FA625A916F2006521D4 /* RecurringViewState.swift in Sources */ = {isa = PBXBuildFile; fileRef = 80535FA525A916F2006521D4 /* RecurringViewState.swift */; };
		80535FBE25AD0B43006521D4 /* NewRecurringView.swift in Sources */ = {isa = PBXBuildFile; fileRef = 80535FBD25AD0B43006521D4 /* NewRecurringView.swift */; };
		80535FC225AD0BF9006521D4 /* NewRecurringModel.swift in Sources */ = {isa = PBXBuildFile; fileRef = 80535FC125AD0BF9006521D4 /* NewRecurringModel.swift */; };
		80576F92258D87C500210895 /* PieView.swift in Sources */ = {isa = PBXBuildFile; fileRef = 80576F91258D87C500210895 /* PieView.swift */; };
		80576F9A258DA7FA00210895 /* LineView.swift in Sources */ = {isa = PBXBuildFile; fileRef = 80576F99258DA7FA00210895 /* LineView.swift */; };
		8070313825B0C5BB00122CE7 /* PrincipalItemSummary.swift in Sources */ = {isa = PBXBuildFile; fileRef = 8070313725B0C5BB00122CE7 /* PrincipalItemSummary.swift */; };
		8070313D25B0CDCD00122CE7 /* RecurringDetailView.swift in Sources */ = {isa = PBXBuildFile; fileRef = 8070313C25B0CDCD00122CE7 /* RecurringDetailView.swift */; };
		8070314125B0D64000122CE7 /* RecurringDetailViewModel.swift in Sources */ = {isa = PBXBuildFile; fileRef = 8070314025B0D64000122CE7 /* RecurringDetailViewModel.swift */; };
		8070314B25B2172600122CE7 /* RecurringEditView.swift in Sources */ = {isa = PBXBuildFile; fileRef = 8070314A25B2172600122CE7 /* RecurringEditView.swift */; };
		8070314F25B26A4200122CE7 /* RecurringEditViewModel.swift in Sources */ = {isa = PBXBuildFile; fileRef = 8070314E25B26A4200122CE7 /* RecurringEditViewModel.swift */; };
		8070315925B293DC00122CE7 /* GoalsService.swift in Sources */ = {isa = PBXBuildFile; fileRef = 8070315825B293DC00122CE7 /* GoalsService.swift */; };
		8070315F25B294F900122CE7 /* GoalView.swift in Sources */ = {isa = PBXBuildFile; fileRef = 8070315E25B294F900122CE7 /* GoalView.swift */; };
		8070316725B295B000122CE7 /* GoalAndStatus.swift in Sources */ = {isa = PBXBuildFile; fileRef = 8070316625B295B000122CE7 /* GoalAndStatus.swift */; };
		8071DCF225A759630056107B /* RecurringService.swift in Sources */ = {isa = PBXBuildFile; fileRef = 8071DCF125A759630056107B /* RecurringService.swift */; };
		8071DCF625A769DA0056107B /* RecurringSubsectionView.swift in Sources */ = {isa = PBXBuildFile; fileRef = 8071DCF525A769DA0056107B /* RecurringSubsectionView.swift */; };
		80725CFD254C71FE0054787C /* finchiosApp.swift in Sources */ = {isa = PBXBuildFile; fileRef = 80725CFC254C71FE0054787C /* finchiosApp.swift */; };
		80725D01254C72010054787C /* Assets.xcassets in Resources */ = {isa = PBXBuildFile; fileRef = 80725D00254C72010054787C /* Assets.xcassets */; };
		80725D04254C72010054787C /* Preview Assets.xcassets in Resources */ = {isa = PBXBuildFile; fileRef = 80725D03254C72010054787C /* Preview Assets.xcassets */; };
		80725D06254C72010054787C /* Persistence.swift in Sources */ = {isa = PBXBuildFile; fileRef = 80725D05254C72010054787C /* Persistence.swift */; };
		80725D09254C72010054787C /* finchios.xcdatamodeld in Sources */ = {isa = PBXBuildFile; fileRef = 80725D07254C72010054787C /* finchios.xcdatamodeld */; };
		809F952225B39766007DE7F6 /* GoalViewModel.swift in Sources */ = {isa = PBXBuildFile; fileRef = 809F952125B39766007DE7F6 /* GoalViewModel.swift */; };
		809F952925B3986B007DE7F6 /* NewGoalView.swift in Sources */ = {isa = PBXBuildFile; fileRef = 809F952825B3986B007DE7F6 /* NewGoalView.swift */; };
		809F952F25B3E4D9007DE7F6 /* NewGoalViewModel.swift in Sources */ = {isa = PBXBuildFile; fileRef = 809F952E25B3E4D9007DE7F6 /* NewGoalViewModel.swift */; };
		809F953325B3E52B007DE7F6 /* SuccessFail.swift in Sources */ = {isa = PBXBuildFile; fileRef = 809F953225B3E52B007DE7F6 /* SuccessFail.swift */; };
		809F953725B4959B007DE7F6 /* GoalMetricIdentifiable.swift in Sources */ = {isa = PBXBuildFile; fileRef = 809F953625B4959B007DE7F6 /* GoalMetricIdentifiable.swift */; };
		809F953C25B520FF007DE7F6 /* GoalDetailView.swift in Sources */ = {isa = PBXBuildFile; fileRef = 809F953B25B520FE007DE7F6 /* GoalDetailView.swift */; };
		809F954225B5210D007DE7F6 /* GoalDetailViewModel.swift in Sources */ = {isa = PBXBuildFile; fileRef = 809F954125B5210D007DE7F6 /* GoalDetailViewModel.swift */; };
		809F954D25B626C1007DE7F6 /* GoalEditView.swift in Sources */ = {isa = PBXBuildFile; fileRef = 809F954C25B626C1007DE7F6 /* GoalEditView.swift */; };
		809F955325B626E9007DE7F6 /* GoalEditViewModel.swift in Sources */ = {isa = PBXBuildFile; fileRef = 809F955225B626E9007DE7F6 /* GoalEditViewModel.swift */; };
		80AF8929258AD81F00291B23 /* SettingsView.swift in Sources */ = {isa = PBXBuildFile; fileRef = 80AF8928258AD81F00291B23 /* SettingsView.swift */; };
		80AF892F258AD83700291B23 /* SettingsViewModel.swift in Sources */ = {isa = PBXBuildFile; fileRef = 80AF892E258AD83700291B23 /* SettingsViewModel.swift */; };
		80AF8933258ADA0900291B23 /* ProjectionView.swift in Sources */ = {isa = PBXBuildFile; fileRef = 80AF8932258ADA0900291B23 /* ProjectionView.swift */; };
		80B7B8D925AD3098007F605F /* RecurringIntervalType.swift in Sources */ = {isa = PBXBuildFile; fileRef = 80B7B8D825AD3098007F605F /* RecurringIntervalType.swift */; };
		80C97BA625A76ECF008729A7 /* AmountItemSummary.swift in Sources */ = {isa = PBXBuildFile; fileRef = 80C97BA525A76ECF008729A7 /* AmountItemSummary.swift */; };
		80C97BAF25A76F27008729A7 /* RecurringItemType.swift in Sources */ = {isa = PBXBuildFile; fileRef = 80C97BAE25A76F27008729A7 /* RecurringItemType.swift */; };
		80C97BB525A7701F008729A7 /* Recurring.swift in Sources */ = {isa = PBXBuildFile; fileRef = 80C97BB425A7701F008729A7 /* Recurring.swift */; };
		80C97BB925A775B7008729A7 /* Double.swift in Sources */ = {isa = PBXBuildFile; fileRef = 80C97BB825A775B7008729A7 /* Double.swift */; };
		80D942FA259A3CA6001EA1B6 /* LogInService.swift in Sources */ = {isa = PBXBuildFile; fileRef = 80D942F9259A3CA6001EA1B6 /* LogInService.swift */; };
		80E2675425BB177300277E52 /* AccountsService.swift in Sources */ = {isa = PBXBuildFile; fileRef = 80E2675325BB177300277E52 /* AccountsService.swift */; };
		80E2675825BB1C7F00277E52 /* LoginIntegrationTest.swift in Sources */ = {isa = PBXBuildFile; fileRef = 80E2675725BB1C7F00277E52 /* LoginIntegrationTest.swift */; };
		80E2676225BB84C900277E52 /* AccountItemSummary.swift in Sources */ = {isa = PBXBuildFile; fileRef = 80E2676125BB84C900277E52 /* AccountItemSummary.swift */; };
		80E2676625BB869400277E52 /* Date.swift in Sources */ = {isa = PBXBuildFile; fileRef = 80E2676525BB869400277E52 /* Date.swift */; };
		80E2676C25BC6C9400277E52 /* Account.swift in Sources */ = {isa = PBXBuildFile; fileRef = 80E2676B25BC6C9400277E52 /* Account.swift */; };
		80E2677125BD22E000277E52 /* AccountDetailView.swift in Sources */ = {isa = PBXBuildFile; fileRef = 80E2677025BD22E000277E52 /* AccountDetailView.swift */; };
		80E2677525BD230900277E52 /* AccountDetailViewModel.swift in Sources */ = {isa = PBXBuildFile; fileRef = 80E2677425BD230900277E52 /* AccountDetailViewModel.swift */; };
		80E2677925BD251200277E52 /* GoalEditViewModelTest.swift in Sources */ = {isa = PBXBuildFile; fileRef = 80E2677825BD251200277E52 /* GoalEditViewModelTest.swift */; };
		80E2678125BD2DCC00277E52 /* SignUpIntegrationTest.swift in Sources */ = {isa = PBXBuildFile; fileRef = 80E2678025BD2DCC00277E52 /* SignUpIntegrationTest.swift */; };
		80EF127C259E67BA00E0543B /* ExpensesItemSummaryView.swift in Sources */ = {isa = PBXBuildFile; fileRef = 80EF127B259E67BA00E0543B /* ExpensesItemSummaryView.swift */; };
		80F936F8258F06F500BBBE57 /* RecurringSummaryView.swift in Sources */ = {isa = PBXBuildFile; fileRef = 80F936F7258F06F500BBBE57 /* RecurringSummaryView.swift */; };
		80F936FC258F070600BBBE57 /* RecurringSummaryViewModel.swift in Sources */ = {isa = PBXBuildFile; fileRef = 80F936FB258F070600BBBE57 /* RecurringSummaryViewModel.swift */; };
		80F93701258F0B8700BBBE57 /* EventSummaryView.swift in Sources */ = {isa = PBXBuildFile; fileRef = 80F93700258F0B8700BBBE57 /* EventSummaryView.swift */; };
		80F93707258F0B9100BBBE57 /* EventSummaryViewModel.swift in Sources */ = {isa = PBXBuildFile; fileRef = 80F93706258F0B9100BBBE57 /* EventSummaryViewModel.swift */; };
		80F9EE2C25993A58007CD06C /* OpenAPIClient in Frameworks */ = {isa = PBXBuildFile; productRef = 80F9EE2B25993A58007CD06C /* OpenAPIClient */; };
		80F9EE3125994349007CD06C /* BusinessConstants.swift in Sources */ = {isa = PBXBuildFile; fileRef = 80F9EE3025994349007CD06C /* BusinessConstants.swift */; };
		80F9EE3825994394007CD06C /* SignUpService.swift in Sources */ = {isa = PBXBuildFile; fileRef = 80F9EE3725994394007CD06C /* SignUpService.swift */; };
/* End PBXBuildFile section */

/* Begin PBXContainerItemProxy section */
		80725D10254C72020054787C /* PBXContainerItemProxy */ = {
			isa = PBXContainerItemProxy;
			containerPortal = 80725CF1254C71FE0054787C /* Project object */;
			proxyType = 1;
			remoteGlobalIDString = 80725CF8254C71FE0054787C;
			remoteInfo = finchios;
		};
		80725D1B254C72020054787C /* PBXContainerItemProxy */ = {
			isa = PBXContainerItemProxy;
			containerPortal = 80725CF1254C71FE0054787C /* Project object */;
			proxyType = 1;
			remoteGlobalIDString = 80725CF8254C71FE0054787C;
			remoteInfo = finchios;
		};
/* End PBXContainerItemProxy section */

/* Begin PBXCopyFilesBuildPhase section */
		80046827256B4C5E0085B289 /* Embed Frameworks */ = {
			isa = PBXCopyFilesBuildPhase;
			buildActionMask = 2147483647;
			dstPath = "";
			dstSubfolderSpec = 10;
			files = (
				8026B6E7258A7BA4006CB2FB /* LinkKit.xcframework in Embed Frameworks */,
			);
			name = "Embed Frameworks";
			runOnlyForDeploymentPostprocessing = 0;
		};
/* End PBXCopyFilesBuildPhase section */

/* Begin PBXFileReference section */
		80097003258FCB48000B2A90 /* EventItemSummaryView.swift */ = {isa = PBXFileReference; lastKnownFileType = sourcecode.swift; path = EventItemSummaryView.swift; sourceTree = "<group>"; };
		80097007258FCB7E000B2A90 /* EventItemSummaryViewModel.swift */ = {isa = PBXFileReference; lastKnownFileType = sourcecode.swift; path = EventItemSummaryViewModel.swift; sourceTree = "<group>"; };
		80168D1E258EC32900B12CA2 /* GraphView.swift */ = {isa = PBXFileReference; lastKnownFileType = sourcecode.swift; path = GraphView.swift; sourceTree = "<group>"; };
		80168D24258EC33000B12CA2 /* GraphViewModel.swift */ = {isa = PBXFileReference; lastKnownFileType = sourcecode.swift; path = GraphViewModel.swift; sourceTree = "<group>"; };
		80168D29258EC50700B12CA2 /* AllocationSummaryViewModel.swift */ = {isa = PBXFileReference; lastKnownFileType = sourcecode.swift; path = AllocationSummaryViewModel.swift; sourceTree = "<group>"; };
		80168D2F258EC50E00B12CA2 /* AllocationSummaryView.swift */ = {isa = PBXFileReference; lastKnownFileType = sourcecode.swift; path = AllocationSummaryView.swift; sourceTree = "<group>"; };
		801F8961258C4461003B1A2D /* ProjectionViewModel.swift */ = {isa = PBXFileReference; lastKnownFileType = sourcecode.swift; path = ProjectionViewModel.swift; sourceTree = "<group>"; };
		8026B6A4258A5FF1006CB2FB /* SignUpEmailView.swift */ = {isa = PBXFileReference; fileEncoding = 4; lastKnownFileType = sourcecode.swift; path = SignUpEmailView.swift; sourceTree = "<group>"; };
		8026B6A6258A5FF1006CB2FB /* SignUpPasswordView.swift */ = {isa = PBXFileReference; fileEncoding = 4; lastKnownFileType = sourcecode.swift; path = SignUpPasswordView.swift; sourceTree = "<group>"; };
		8026B6AA258A5FF1006CB2FB /* SignUpModel.swift */ = {isa = PBXFileReference; fileEncoding = 4; lastKnownFileType = sourcecode.swift; path = SignUpModel.swift; sourceTree = "<group>"; };
		8026B6AE258A5FF1006CB2FB /* StartUpView.swift */ = {isa = PBXFileReference; fileEncoding = 4; lastKnownFileType = sourcecode.swift; path = StartUpView.swift; sourceTree = "<group>"; };
		8026B6AF258A5FF1006CB2FB /* StartUpViewModel.swift */ = {isa = PBXFileReference; fileEncoding = 4; lastKnownFileType = sourcecode.swift; path = StartUpViewModel.swift; sourceTree = "<group>"; };
		8026B6B1258A5FF1006CB2FB /* IntroductionView.swift */ = {isa = PBXFileReference; fileEncoding = 4; lastKnownFileType = sourcecode.swift; path = IntroductionView.swift; sourceTree = "<group>"; };
		8026B6B2258A5FF1006CB2FB /* IntroductionViewModel.swift */ = {isa = PBXFileReference; fileEncoding = 4; lastKnownFileType = sourcecode.swift; path = IntroductionViewModel.swift; sourceTree = "<group>"; };
		8026B6B4258A5FF1006CB2FB /* LogInViewModel.swift */ = {isa = PBXFileReference; fileEncoding = 4; lastKnownFileType = sourcecode.swift; path = LogInViewModel.swift; sourceTree = "<group>"; };
		8026B6B5258A5FF1006CB2FB /* LogInView.swift */ = {isa = PBXFileReference; fileEncoding = 4; lastKnownFileType = sourcecode.swift; path = LogInView.swift; sourceTree = "<group>"; };
		8026B6CA258A652D006CB2FB /* CredentialsObject.swift */ = {isa = PBXFileReference; lastKnownFileType = sourcecode.swift; path = CredentialsObject.swift; sourceTree = "<group>"; };
		8026B6D1258A6743006CB2FB /* AppTabView.swift */ = {isa = PBXFileReference; lastKnownFileType = sourcecode.swift; path = AppTabView.swift; sourceTree = "<group>"; };
		8026B6DE258A6C71006CB2FB /* SignUpNameView.swift */ = {isa = PBXFileReference; lastKnownFileType = sourcecode.swift; path = SignUpNameView.swift; sourceTree = "<group>"; };
		8026B6E6258A7BA4006CB2FB /* LinkKit.xcframework */ = {isa = PBXFileReference; lastKnownFileType = wrapper.xcframework; path = LinkKit.xcframework; sourceTree = "<group>"; };
		8029D658258C2DD7007A44E1 /* StatisticsView.swift */ = {isa = PBXFileReference; lastKnownFileType = sourcecode.swift; path = StatisticsView.swift; sourceTree = "<group>"; };
		8029D663258C3730007A44E1 /* PlaidView.swift */ = {isa = PBXFileReference; lastKnownFileType = sourcecode.swift; path = PlaidView.swift; sourceTree = "<group>"; };
		80479C48259A51AE00CDA3DA /* PlansService.swift */ = {isa = PBXFileReference; lastKnownFileType = sourcecode.swift; path = PlansService.swift; sourceTree = "<group>"; };
		80479C4D259AC21800CDA3DA /* GoalSummaryViewModel.swift */ = {isa = PBXFileReference; lastKnownFileType = sourcecode.swift; path = GoalSummaryViewModel.swift; sourceTree = "<group>"; };
		80479C53259AC22000CDA3DA /* GoalSummaryView.swift */ = {isa = PBXFileReference; lastKnownFileType = sourcecode.swift; path = GoalSummaryView.swift; sourceTree = "<group>"; };
		80479C58259AC29900CDA3DA /* ExpensesSummaryView.swift */ = {isa = PBXFileReference; lastKnownFileType = sourcecode.swift; path = ExpensesSummaryView.swift; sourceTree = "<group>"; };
		80479C5E259AC2A500CDA3DA /* ExpensesSummaryViewModel.swift */ = {isa = PBXFileReference; lastKnownFileType = sourcecode.swift; path = ExpensesSummaryViewModel.swift; sourceTree = "<group>"; };
		80479C63259AC2EA00CDA3DA /* AccountsSummaryView.swift */ = {isa = PBXFileReference; lastKnownFileType = sourcecode.swift; path = AccountsSummaryView.swift; sourceTree = "<group>"; };
		80479C69259AC2F300CDA3DA /* AccountsSummaryViewModel.swift */ = {isa = PBXFileReference; lastKnownFileType = sourcecode.swift; path = AccountsSummaryViewModel.swift; sourceTree = "<group>"; };
		80479C6E259AC36400CDA3DA /* UIColor.swift */ = {isa = PBXFileReference; lastKnownFileType = sourcecode.swift; path = UIColor.swift; sourceTree = "<group>"; };
		80479C74259AC60C00CDA3DA /* Color.swift */ = {isa = PBXFileReference; lastKnownFileType = sourcecode.swift; path = Color.swift; sourceTree = "<group>"; };
		80479C79259AC9FF00CDA3DA /* LeaderboardView.swift */ = {isa = PBXFileReference; lastKnownFileType = sourcecode.swift; path = LeaderboardView.swift; sourceTree = "<group>"; };
		80479C7F259ACA0900CDA3DA /* LeaderboardViewModel.swift */ = {isa = PBXFileReference; lastKnownFileType = sourcecode.swift; path = LeaderboardViewModel.swift; sourceTree = "<group>"; };
		80479C85259ACA8700CDA3DA /* LeaderboardService.swift */ = {isa = PBXFileReference; lastKnownFileType = sourcecode.swift; path = LeaderboardService.swift; sourceTree = "<group>"; };
		80479C8A259ACB2B00CDA3DA /* LeaderboardItemView.swift */ = {isa = PBXFileReference; lastKnownFileType = sourcecode.swift; path = LeaderboardItemView.swift; sourceTree = "<group>"; };
		804AEA65259FC222005D414C /* GoalItemSummaryView.swift */ = {isa = PBXFileReference; lastKnownFileType = sourcecode.swift; path = GoalItemSummaryView.swift; sourceTree = "<group>"; };
		804AEA6C259FC2E8005D414C /* Goal.swift */ = {isa = PBXFileReference; lastKnownFileType = sourcecode.swift; path = Goal.swift; sourceTree = "<group>"; };
		80535F9F25A91679006521D4 /* RecurringView.swift */ = {isa = PBXFileReference; lastKnownFileType = sourcecode.swift; path = RecurringView.swift; sourceTree = "<group>"; };
		80535FA525A916F2006521D4 /* RecurringViewState.swift */ = {isa = PBXFileReference; lastKnownFileType = sourcecode.swift; path = RecurringViewState.swift; sourceTree = "<group>"; };
		80535FBD25AD0B43006521D4 /* NewRecurringView.swift */ = {isa = PBXFileReference; lastKnownFileType = sourcecode.swift; path = NewRecurringView.swift; sourceTree = "<group>"; };
		80535FC125AD0BF9006521D4 /* NewRecurringModel.swift */ = {isa = PBXFileReference; lastKnownFileType = sourcecode.swift; path = NewRecurringModel.swift; sourceTree = "<group>"; };
		80576F91258D87C500210895 /* PieView.swift */ = {isa = PBXFileReference; lastKnownFileType = sourcecode.swift; path = PieView.swift; sourceTree = "<group>"; };
		80576F99258DA7FA00210895 /* LineView.swift */ = {isa = PBXFileReference; lastKnownFileType = sourcecode.swift; path = LineView.swift; sourceTree = "<group>"; };
		8070313725B0C5BB00122CE7 /* PrincipalItemSummary.swift */ = {isa = PBXFileReference; lastKnownFileType = sourcecode.swift; path = PrincipalItemSummary.swift; sourceTree = "<group>"; };
		8070313C25B0CDCD00122CE7 /* RecurringDetailView.swift */ = {isa = PBXFileReference; lastKnownFileType = sourcecode.swift; path = RecurringDetailView.swift; sourceTree = "<group>"; };
		8070314025B0D64000122CE7 /* RecurringDetailViewModel.swift */ = {isa = PBXFileReference; lastKnownFileType = sourcecode.swift; path = RecurringDetailViewModel.swift; sourceTree = "<group>"; };
		8070314A25B2172600122CE7 /* RecurringEditView.swift */ = {isa = PBXFileReference; lastKnownFileType = sourcecode.swift; path = RecurringEditView.swift; sourceTree = "<group>"; };
		8070314E25B26A4200122CE7 /* RecurringEditViewModel.swift */ = {isa = PBXFileReference; lastKnownFileType = sourcecode.swift; path = RecurringEditViewModel.swift; sourceTree = "<group>"; };
		8070315825B293DC00122CE7 /* GoalsService.swift */ = {isa = PBXFileReference; lastKnownFileType = sourcecode.swift; path = GoalsService.swift; sourceTree = "<group>"; };
		8070315E25B294F900122CE7 /* GoalView.swift */ = {isa = PBXFileReference; lastKnownFileType = sourcecode.swift; path = GoalView.swift; sourceTree = "<group>"; };
		8070316625B295B000122CE7 /* GoalAndStatus.swift */ = {isa = PBXFileReference; lastKnownFileType = sourcecode.swift; path = GoalAndStatus.swift; sourceTree = "<group>"; };
		8071DCF125A759630056107B /* RecurringService.swift */ = {isa = PBXFileReference; lastKnownFileType = sourcecode.swift; path = RecurringService.swift; sourceTree = "<group>"; };
		8071DCF525A769DA0056107B /* RecurringSubsectionView.swift */ = {isa = PBXFileReference; lastKnownFileType = sourcecode.swift; path = RecurringSubsectionView.swift; sourceTree = "<group>"; };
		80725CF9254C71FE0054787C /* finchios.app */ = {isa = PBXFileReference; explicitFileType = wrapper.application; includeInIndex = 0; path = finchios.app; sourceTree = BUILT_PRODUCTS_DIR; };
		80725CFC254C71FE0054787C /* finchiosApp.swift */ = {isa = PBXFileReference; lastKnownFileType = sourcecode.swift; path = finchiosApp.swift; sourceTree = "<group>"; };
		80725D00254C72010054787C /* Assets.xcassets */ = {isa = PBXFileReference; lastKnownFileType = folder.assetcatalog; path = Assets.xcassets; sourceTree = "<group>"; };
		80725D03254C72010054787C /* Preview Assets.xcassets */ = {isa = PBXFileReference; lastKnownFileType = folder.assetcatalog; path = "Preview Assets.xcassets"; sourceTree = "<group>"; };
		80725D05254C72010054787C /* Persistence.swift */ = {isa = PBXFileReference; lastKnownFileType = sourcecode.swift; path = Persistence.swift; sourceTree = "<group>"; };
		80725D08254C72010054787C /* finchios.xcdatamodel */ = {isa = PBXFileReference; lastKnownFileType = wrapper.xcdatamodel; path = finchios.xcdatamodel; sourceTree = "<group>"; };
		80725D0A254C72010054787C /* Info.plist */ = {isa = PBXFileReference; lastKnownFileType = text.plist.xml; path = Info.plist; sourceTree = "<group>"; };
		80725D0F254C72020054787C /* finchiosTests.xctest */ = {isa = PBXFileReference; explicitFileType = wrapper.cfbundle; includeInIndex = 0; path = finchiosTests.xctest; sourceTree = BUILT_PRODUCTS_DIR; };
		80725D15254C72020054787C /* Info.plist */ = {isa = PBXFileReference; lastKnownFileType = text.plist.xml; path = Info.plist; sourceTree = "<group>"; };
		80725D1A254C72020054787C /* finchiosUITests.xctest */ = {isa = PBXFileReference; explicitFileType = wrapper.cfbundle; includeInIndex = 0; path = finchiosUITests.xctest; sourceTree = BUILT_PRODUCTS_DIR; };
		80725D20254C72020054787C /* Info.plist */ = {isa = PBXFileReference; lastKnownFileType = text.plist.xml; path = Info.plist; sourceTree = "<group>"; };
		809F952125B39766007DE7F6 /* GoalViewModel.swift */ = {isa = PBXFileReference; lastKnownFileType = sourcecode.swift; path = GoalViewModel.swift; sourceTree = "<group>"; };
		809F952825B3986B007DE7F6 /* NewGoalView.swift */ = {isa = PBXFileReference; lastKnownFileType = sourcecode.swift; path = NewGoalView.swift; sourceTree = "<group>"; };
		809F952E25B3E4D9007DE7F6 /* NewGoalViewModel.swift */ = {isa = PBXFileReference; lastKnownFileType = sourcecode.swift; path = NewGoalViewModel.swift; sourceTree = "<group>"; };
		809F953225B3E52B007DE7F6 /* SuccessFail.swift */ = {isa = PBXFileReference; lastKnownFileType = sourcecode.swift; path = SuccessFail.swift; sourceTree = "<group>"; };
		809F953625B4959B007DE7F6 /* GoalMetricIdentifiable.swift */ = {isa = PBXFileReference; lastKnownFileType = sourcecode.swift; path = GoalMetricIdentifiable.swift; sourceTree = "<group>"; };
		809F953B25B520FE007DE7F6 /* GoalDetailView.swift */ = {isa = PBXFileReference; lastKnownFileType = sourcecode.swift; path = GoalDetailView.swift; sourceTree = "<group>"; };
		809F954125B5210D007DE7F6 /* GoalDetailViewModel.swift */ = {isa = PBXFileReference; lastKnownFileType = sourcecode.swift; path = GoalDetailViewModel.swift; sourceTree = "<group>"; };
		809F954C25B626C1007DE7F6 /* GoalEditView.swift */ = {isa = PBXFileReference; lastKnownFileType = sourcecode.swift; path = GoalEditView.swift; sourceTree = "<group>"; };
		809F955225B626E9007DE7F6 /* GoalEditViewModel.swift */ = {isa = PBXFileReference; lastKnownFileType = sourcecode.swift; path = GoalEditViewModel.swift; sourceTree = "<group>"; };
		80AF8928258AD81F00291B23 /* SettingsView.swift */ = {isa = PBXFileReference; lastKnownFileType = sourcecode.swift; path = SettingsView.swift; sourceTree = "<group>"; };
		80AF892E258AD83700291B23 /* SettingsViewModel.swift */ = {isa = PBXFileReference; lastKnownFileType = sourcecode.swift; path = SettingsViewModel.swift; sourceTree = "<group>"; };
		80AF8932258ADA0900291B23 /* ProjectionView.swift */ = {isa = PBXFileReference; lastKnownFileType = sourcecode.swift; path = ProjectionView.swift; sourceTree = "<group>"; };
		80B7B8D825AD3098007F605F /* RecurringIntervalType.swift */ = {isa = PBXFileReference; lastKnownFileType = sourcecode.swift; path = RecurringIntervalType.swift; sourceTree = "<group>"; };
		80C97BA525A76ECF008729A7 /* AmountItemSummary.swift */ = {isa = PBXFileReference; lastKnownFileType = sourcecode.swift; path = AmountItemSummary.swift; sourceTree = "<group>"; };
		80C97BAE25A76F27008729A7 /* RecurringItemType.swift */ = {isa = PBXFileReference; lastKnownFileType = sourcecode.swift; path = RecurringItemType.swift; sourceTree = "<group>"; };
		80C97BB425A7701F008729A7 /* Recurring.swift */ = {isa = PBXFileReference; lastKnownFileType = sourcecode.swift; path = Recurring.swift; sourceTree = "<group>"; };
		80C97BB825A775B7008729A7 /* Double.swift */ = {isa = PBXFileReference; lastKnownFileType = sourcecode.swift; path = Double.swift; sourceTree = "<group>"; };
		80D942F9259A3CA6001EA1B6 /* LogInService.swift */ = {isa = PBXFileReference; lastKnownFileType = sourcecode.swift; path = LogInService.swift; sourceTree = "<group>"; };
		80E2675325BB177300277E52 /* AccountsService.swift */ = {isa = PBXFileReference; lastKnownFileType = sourcecode.swift; path = AccountsService.swift; sourceTree = "<group>"; };
		80E2675725BB1C7F00277E52 /* LoginIntegrationTest.swift */ = {isa = PBXFileReference; lastKnownFileType = sourcecode.swift; path = LoginIntegrationTest.swift; sourceTree = "<group>"; };
		80E2676125BB84C900277E52 /* AccountItemSummary.swift */ = {isa = PBXFileReference; lastKnownFileType = sourcecode.swift; path = AccountItemSummary.swift; sourceTree = "<group>"; };
		80E2676525BB869400277E52 /* Date.swift */ = {isa = PBXFileReference; lastKnownFileType = sourcecode.swift; path = Date.swift; sourceTree = "<group>"; };
		80E2676B25BC6C9400277E52 /* Account.swift */ = {isa = PBXFileReference; lastKnownFileType = sourcecode.swift; path = Account.swift; sourceTree = "<group>"; };
		80E2677025BD22E000277E52 /* AccountDetailView.swift */ = {isa = PBXFileReference; lastKnownFileType = sourcecode.swift; path = AccountDetailView.swift; sourceTree = "<group>"; };
		80E2677425BD230900277E52 /* AccountDetailViewModel.swift */ = {isa = PBXFileReference; lastKnownFileType = sourcecode.swift; path = AccountDetailViewModel.swift; sourceTree = "<group>"; };
		80E2677825BD251200277E52 /* GoalEditViewModelTest.swift */ = {isa = PBXFileReference; lastKnownFileType = sourcecode.swift; path = GoalEditViewModelTest.swift; sourceTree = "<group>"; };
		80E2678025BD2DCC00277E52 /* SignUpIntegrationTest.swift */ = {isa = PBXFileReference; lastKnownFileType = sourcecode.swift; path = SignUpIntegrationTest.swift; sourceTree = "<group>"; };
		80EF127B259E67BA00E0543B /* ExpensesItemSummaryView.swift */ = {isa = PBXFileReference; lastKnownFileType = sourcecode.swift; path = ExpensesItemSummaryView.swift; sourceTree = "<group>"; };
		80F936F7258F06F500BBBE57 /* RecurringSummaryView.swift */ = {isa = PBXFileReference; lastKnownFileType = sourcecode.swift; path = RecurringSummaryView.swift; sourceTree = "<group>"; };
		80F936FB258F070600BBBE57 /* RecurringSummaryViewModel.swift */ = {isa = PBXFileReference; lastKnownFileType = sourcecode.swift; path = RecurringSummaryViewModel.swift; sourceTree = "<group>"; };
		80F93700258F0B8700BBBE57 /* EventSummaryView.swift */ = {isa = PBXFileReference; lastKnownFileType = sourcecode.swift; path = EventSummaryView.swift; sourceTree = "<group>"; };
		80F93706258F0B9100BBBE57 /* EventSummaryViewModel.swift */ = {isa = PBXFileReference; lastKnownFileType = sourcecode.swift; path = EventSummaryViewModel.swift; sourceTree = "<group>"; };
		80F9EE3025994349007CD06C /* BusinessConstants.swift */ = {isa = PBXFileReference; lastKnownFileType = sourcecode.swift; path = BusinessConstants.swift; sourceTree = "<group>"; };
		80F9EE3725994394007CD06C /* SignUpService.swift */ = {isa = PBXFileReference; lastKnownFileType = sourcecode.swift; path = SignUpService.swift; sourceTree = "<group>"; };
/* End PBXFileReference section */

/* Begin PBXFrameworksBuildPhase section */
		80725CF6254C71FE0054787C /* Frameworks */ = {
			isa = PBXFrameworksBuildPhase;
			buildActionMask = 2147483647;
			files = (
				80F9EE2C25993A58007CD06C /* OpenAPIClient in Frameworks */,
				80399A9D256B4D750014E2D9 /* Charts in Frameworks */,
			);
			runOnlyForDeploymentPostprocessing = 0;
		};
		80725D0C254C72020054787C /* Frameworks */ = {
			isa = PBXFrameworksBuildPhase;
			buildActionMask = 2147483647;
			files = (
			);
			runOnlyForDeploymentPostprocessing = 0;
		};
		80725D17254C72020054787C /* Frameworks */ = {
			isa = PBXFrameworksBuildPhase;
			buildActionMask = 2147483647;
			files = (
			);
			runOnlyForDeploymentPostprocessing = 0;
		};
/* End PBXFrameworksBuildPhase section */

/* Begin PBXGroup section */
		80046832256B4D230085B289 /* Frameworks */ = {
			isa = PBXGroup;
			children = (
			);
			name = Frameworks;
			sourceTree = "<group>";
		};
		80097002258FCB35000B2A90 /* EventItemSummary */ = {
			isa = PBXGroup;
			children = (
				80097003258FCB48000B2A90 /* EventItemSummaryView.swift */,
				80097007258FCB7E000B2A90 /* EventItemSummaryViewModel.swift */,
			);
			path = EventItemSummary;
			sourceTree = "<group>";
		};
		80168D1D258EC31C00B12CA2 /* Graph */ = {
			isa = PBXGroup;
			children = (
				80168D1E258EC32900B12CA2 /* GraphView.swift */,
				80168D24258EC33000B12CA2 /* GraphViewModel.swift */,
			);
			path = Graph;
			sourceTree = "<group>";
		};
		80168D28258EC4FC00B12CA2 /* AllocationSummary */ = {
			isa = PBXGroup;
			children = (
				80168D2F258EC50E00B12CA2 /* AllocationSummaryView.swift */,
				80168D29258EC50700B12CA2 /* AllocationSummaryViewModel.swift */,
			);
			path = AllocationSummary;
			sourceTree = "<group>";
		};
		8026B695258A5FB8006CB2FB /* Presentation */ = {
			isa = PBXGroup;
			children = (
				80E2675F25BB84AD00277E52 /* Account */,
				8070315C25B294DF00122CE7 /* Goal */,
				80B7B8D525AD2160007F605F /* Recurring */,
				80EF127A259E67A500E0543B /* ExpensesItemSummary */,
				8026B6D0258A6739006CB2FB /* AppTab */,
				80097002258FCB35000B2A90 /* EventItemSummary */,
				8026B6B0258A5FF1006CB2FB /* Introduction */,
				8026B6B3258A5FF1006CB2FB /* LogIn */,
				80AF8926258AD7F000291B23 /* Projection */,
				80AF8927258AD7F700291B23 /* Settings */,
				8026B6A2258A5FF1006CB2FB /* SignUpFlow */,
				8026B6AD258A5FF1006CB2FB /* StartUp */,
				8029D657258C2DCA007A44E1 /* Statistics */,
				8029D662258C3714007A44E1 /* ViewRepresentable */,
			);
			path = Presentation;
			sourceTree = "<group>";
		};
		8026B6A2258A5FF1006CB2FB /* SignUpFlow */ = {
			isa = PBXGroup;
			children = (
				8026B6DD258A6C50006CB2FB /* SignUpName */,
				8026B6A3258A5FF1006CB2FB /* SignUpEmail */,
				8026B6A5258A5FF1006CB2FB /* SignUpPassword */,
				8026B6A9258A5FF1006CB2FB /* Model */,
			);
			path = SignUpFlow;
			sourceTree = "<group>";
		};
		8026B6A3258A5FF1006CB2FB /* SignUpEmail */ = {
			isa = PBXGroup;
			children = (
				8026B6A4258A5FF1006CB2FB /* SignUpEmailView.swift */,
			);
			path = SignUpEmail;
			sourceTree = "<group>";
		};
		8026B6A5258A5FF1006CB2FB /* SignUpPassword */ = {
			isa = PBXGroup;
			children = (
				8026B6A6258A5FF1006CB2FB /* SignUpPasswordView.swift */,
			);
			path = SignUpPassword;
			sourceTree = "<group>";
		};
		8026B6A9258A5FF1006CB2FB /* Model */ = {
			isa = PBXGroup;
			children = (
				8026B6AA258A5FF1006CB2FB /* SignUpModel.swift */,
			);
			path = Model;
			sourceTree = "<group>";
		};
		8026B6AD258A5FF1006CB2FB /* StartUp */ = {
			isa = PBXGroup;
			children = (
				8026B6AE258A5FF1006CB2FB /* StartUpView.swift */,
				8026B6AF258A5FF1006CB2FB /* StartUpViewModel.swift */,
			);
			path = StartUp;
			sourceTree = "<group>";
		};
		8026B6B0258A5FF1006CB2FB /* Introduction */ = {
			isa = PBXGroup;
			children = (
				8026B6B1258A5FF1006CB2FB /* IntroductionView.swift */,
				8026B6B2258A5FF1006CB2FB /* IntroductionViewModel.swift */,
			);
			path = Introduction;
			sourceTree = "<group>";
		};
		8026B6B3258A5FF1006CB2FB /* LogIn */ = {
			isa = PBXGroup;
			children = (
				8026B6B5258A5FF1006CB2FB /* LogInView.swift */,
				8026B6B4258A5FF1006CB2FB /* LogInViewModel.swift */,
			);
			path = LogIn;
			sourceTree = "<group>";
		};
		8026B6C8258A6514006CB2FB /* Business */ = {
			isa = PBXGroup;
			children = (
				80C97BAD25A76F14008729A7 /* Types */,
				80F9EE3625994379007CD06C /* Services */,
				80F9EE2F2599433D007CD06C /* Constants */,
				8026B6C9258A651C006CB2FB /* Singleton */,
			);
			path = Business;
			sourceTree = "<group>";
		};
		8026B6C9258A651C006CB2FB /* Singleton */ = {
			isa = PBXGroup;
			children = (
				8026B6CA258A652D006CB2FB /* CredentialsObject.swift */,
			);
			path = Singleton;
			sourceTree = "<group>";
		};
		8026B6D0258A6739006CB2FB /* AppTab */ = {
			isa = PBXGroup;
			children = (
				8026B6D1258A6743006CB2FB /* AppTabView.swift */,
			);
			path = AppTab;
			sourceTree = "<group>";
		};
		8026B6DD258A6C50006CB2FB /* SignUpName */ = {
			isa = PBXGroup;
			children = (
				8026B6DE258A6C71006CB2FB /* SignUpNameView.swift */,
			);
			path = SignUpName;
			sourceTree = "<group>";
		};
		8029D657258C2DCA007A44E1 /* Statistics */ = {
			isa = PBXGroup;
			children = (
				80479C78259AC9EE00CDA3DA /* Leaderboard */,
				8029D658258C2DD7007A44E1 /* StatisticsView.swift */,
			);
			path = Statistics;
			sourceTree = "<group>";
		};
		8029D662258C3714007A44E1 /* ViewRepresentable */ = {
			isa = PBXGroup;
			children = (
				80576F90258D879600210895 /* Charts */,
				8029D663258C3730007A44E1 /* PlaidView.swift */,
			);
			path = ViewRepresentable;
			sourceTree = "<group>";
		};
		80479C4C259AC20C00CDA3DA /* GoalSummary */ = {
			isa = PBXGroup;
			children = (
				80479C53259AC22000CDA3DA /* GoalSummaryView.swift */,
				80479C4D259AC21800CDA3DA /* GoalSummaryViewModel.swift */,
			);
			path = GoalSummary;
			sourceTree = "<group>";
		};
		80479C57259AC28300CDA3DA /* ExpensesSummary */ = {
			isa = PBXGroup;
			children = (
				80479C58259AC29900CDA3DA /* ExpensesSummaryView.swift */,
				80479C5E259AC2A500CDA3DA /* ExpensesSummaryViewModel.swift */,
			);
			path = ExpensesSummary;
			sourceTree = "<group>";
		};
		80479C62259AC2DA00CDA3DA /* AccountsSummary */ = {
			isa = PBXGroup;
			children = (
				80479C63259AC2EA00CDA3DA /* AccountsSummaryView.swift */,
				80479C69259AC2F300CDA3DA /* AccountsSummaryViewModel.swift */,
			);
			path = AccountsSummary;
			sourceTree = "<group>";
		};
		80479C6D259AC35600CDA3DA /* Extensions */ = {
			isa = PBXGroup;
			children = (
				804AEA6B259FC2D7005D414C /* OpenAPIClient */,
				80479C6E259AC36400CDA3DA /* UIColor.swift */,
				80479C74259AC60C00CDA3DA /* Color.swift */,
				80C97BB825A775B7008729A7 /* Double.swift */,
				80E2676525BB869400277E52 /* Date.swift */,
			);
			path = Extensions;
			sourceTree = "<group>";
		};
		80479C78259AC9EE00CDA3DA /* Leaderboard */ = {
			isa = PBXGroup;
			children = (
				80479C89259ACB1E00CDA3DA /* LeaderboardItem */,
				80479C79259AC9FF00CDA3DA /* LeaderboardView.swift */,
				80479C7F259ACA0900CDA3DA /* LeaderboardViewModel.swift */,
			);
			path = Leaderboard;
			sourceTree = "<group>";
		};
		80479C89259ACB1E00CDA3DA /* LeaderboardItem */ = {
			isa = PBXGroup;
			children = (
				80479C8A259ACB2B00CDA3DA /* LeaderboardItemView.swift */,
			);
			path = LeaderboardItem;
			sourceTree = "<group>";
		};
		804AEA64259FC20C005D414C /* GoalItemSummary */ = {
			isa = PBXGroup;
			children = (
				804AEA65259FC222005D414C /* GoalItemSummaryView.swift */,
			);
			path = GoalItemSummary;
			sourceTree = "<group>";
		};
		804AEA6B259FC2D7005D414C /* OpenAPIClient */ = {
			isa = PBXGroup;
			children = (
				804AEA6C259FC2E8005D414C /* Goal.swift */,
				80C97BB425A7701F008729A7 /* Recurring.swift */,
				8070316625B295B000122CE7 /* GoalAndStatus.swift */,
				80E2676B25BC6C9400277E52 /* Account.swift */,
			);
			path = OpenAPIClient;
			sourceTree = "<group>";
		};
		80535F9E25A9166E006521D4 /* Recurring */ = {
			isa = PBXGroup;
			children = (
				80535F9F25A91679006521D4 /* RecurringView.swift */,
				80535FA525A916F2006521D4 /* RecurringViewState.swift */,
			);
			path = Recurring;
			sourceTree = "<group>";
		};
		80535FB625ACA06A006521D4 /* NewRecurring */ = {
			isa = PBXGroup;
			children = (
				80535FBD25AD0B43006521D4 /* NewRecurringView.swift */,
				80535FC125AD0BF9006521D4 /* NewRecurringModel.swift */,
			);
			path = NewRecurring;
			sourceTree = "<group>";
		};
		80576F90258D879600210895 /* Charts */ = {
			isa = PBXGroup;
			children = (
				80576F91258D87C500210895 /* PieView.swift */,
				80576F99258DA7FA00210895 /* LineView.swift */,
			);
			path = Charts;
			sourceTree = "<group>";
		};
		8070313B25B0CDBE00122CE7 /* RecurringDetail */ = {
			isa = PBXGroup;
			children = (
				8070313C25B0CDCD00122CE7 /* RecurringDetailView.swift */,
				8070314025B0D64000122CE7 /* RecurringDetailViewModel.swift */,
			);
			path = RecurringDetail;
			sourceTree = "<group>";
		};
		8070314925B2171500122CE7 /* RecurringEdit */ = {
			isa = PBXGroup;
			children = (
				8070314A25B2172600122CE7 /* RecurringEditView.swift */,
				8070314E25B26A4200122CE7 /* RecurringEditViewModel.swift */,
			);
			path = RecurringEdit;
			sourceTree = "<group>";
		};
		8070315C25B294DF00122CE7 /* Goal */ = {
			isa = PBXGroup;
			children = (
				809F954B25B626B5007DE7F6 /* GoalEdit */,
				809F953A25B520F0007DE7F6 /* GoalDetail */,
				809F952725B3985F007DE7F6 /* NewGoal */,
				8070315D25B294ED00122CE7 /* Goal */,
				804AEA64259FC20C005D414C /* GoalItemSummary */,
			);
			path = Goal;
			sourceTree = "<group>";
		};
		8070315D25B294ED00122CE7 /* Goal */ = {
			isa = PBXGroup;
			children = (
				8070315E25B294F900122CE7 /* GoalView.swift */,
				809F952125B39766007DE7F6 /* GoalViewModel.swift */,
			);
			path = Goal;
			sourceTree = "<group>";
		};
		80725CF0254C71FE0054787C = {
			isa = PBXGroup;
			children = (
				8026B6E6258A7BA4006CB2FB /* LinkKit.xcframework */,
				80725CFB254C71FE0054787C /* finchios */,
				80725D12254C72020054787C /* finchiosTests */,
				80725D1D254C72020054787C /* finchiosUITests */,
				80725CFA254C71FE0054787C /* Products */,
				80046832256B4D230085B289 /* Frameworks */,
			);
			sourceTree = "<group>";
		};
		80725CFA254C71FE0054787C /* Products */ = {
			isa = PBXGroup;
			children = (
				80725CF9254C71FE0054787C /* finchios.app */,
				80725D0F254C72020054787C /* finchiosTests.xctest */,
				80725D1A254C72020054787C /* finchiosUITests.xctest */,
			);
			name = Products;
			sourceTree = "<group>";
		};
		80725CFB254C71FE0054787C /* finchios */ = {
			isa = PBXGroup;
			children = (
				80725CFC254C71FE0054787C /* finchiosApp.swift */,
				80725D00254C72010054787C /* Assets.xcassets */,
				80725D05254C72010054787C /* Persistence.swift */,
				80479C6D259AC35600CDA3DA /* Extensions */,
				8026B6C8258A6514006CB2FB /* Business */,
				8026B695258A5FB8006CB2FB /* Presentation */,
				80725D0A254C72010054787C /* Info.plist */,
				80725D07254C72010054787C /* finchios.xcdatamodeld */,
				80725D02254C72010054787C /* Preview Content */,
			);
			path = finchios;
			sourceTree = "<group>";
		};
		80725D02254C72010054787C /* Preview Content */ = {
			isa = PBXGroup;
			children = (
				80725D03254C72010054787C /* Preview Assets.xcassets */,
			);
			path = "Preview Content";
			sourceTree = "<group>";
		};
		80725D12254C72020054787C /* finchiosTests */ = {
			isa = PBXGroup;
			children = (
				80725D15254C72020054787C /* Info.plist */,
				80E2677825BD251200277E52 /* GoalEditViewModelTest.swift */,
			);
			path = finchiosTests;
			sourceTree = "<group>";
		};
		80725D1D254C72020054787C /* finchiosUITests */ = {
			isa = PBXGroup;
			children = (
				80E2675725BB1C7F00277E52 /* LoginIntegrationTest.swift */,
				80725D20254C72020054787C /* Info.plist */,
				80E2678025BD2DCC00277E52 /* SignUpIntegrationTest.swift */,
			);
			path = finchiosUITests;
			sourceTree = "<group>";
		};
		809F952725B3985F007DE7F6 /* NewGoal */ = {
			isa = PBXGroup;
			children = (
				809F952825B3986B007DE7F6 /* NewGoalView.swift */,
				809F952E25B3E4D9007DE7F6 /* NewGoalViewModel.swift */,
			);
			path = NewGoal;
			sourceTree = "<group>";
		};
		809F953A25B520F0007DE7F6 /* GoalDetail */ = {
			isa = PBXGroup;
			children = (
				809F953B25B520FE007DE7F6 /* GoalDetailView.swift */,
				809F954125B5210D007DE7F6 /* GoalDetailViewModel.swift */,
			);
			path = GoalDetail;
			sourceTree = "<group>";
		};
		809F954B25B626B5007DE7F6 /* GoalEdit */ = {
			isa = PBXGroup;
			children = (
				809F954C25B626C1007DE7F6 /* GoalEditView.swift */,
				809F955225B626E9007DE7F6 /* GoalEditViewModel.swift */,
			);
			path = GoalEdit;
			sourceTree = "<group>";
		};
		80AF8926258AD7F000291B23 /* Projection */ = {
			isa = PBXGroup;
			children = (
				80479C62259AC2DA00CDA3DA /* AccountsSummary */,
				80479C57259AC28300CDA3DA /* ExpensesSummary */,
				80479C4C259AC20C00CDA3DA /* GoalSummary */,
				80F936FF258F0B5F00BBBE57 /* EventSummary */,
				80F936F6258F06E500BBBE57 /* RecurringSummary */,
				80168D28258EC4FC00B12CA2 /* AllocationSummary */,
				80168D1D258EC31C00B12CA2 /* Graph */,
				80AF8932258ADA0900291B23 /* ProjectionView.swift */,
				801F8961258C4461003B1A2D /* ProjectionViewModel.swift */,
			);
			path = Projection;
			sourceTree = "<group>";
		};
		80AF8927258AD7F700291B23 /* Settings */ = {
			isa = PBXGroup;
			children = (
				80AF8928258AD81F00291B23 /* SettingsView.swift */,
				80AF892E258AD83700291B23 /* SettingsViewModel.swift */,
			);
			path = Settings;
			sourceTree = "<group>";
		};
		80B7B8D525AD2160007F605F /* Recurring */ = {
			isa = PBXGroup;
			children = (
				8070314925B2171500122CE7 /* RecurringEdit */,
				8070313B25B0CDBE00122CE7 /* RecurringDetail */,
				80535FB625ACA06A006521D4 /* NewRecurring */,
				80535F9E25A9166E006521D4 /* Recurring */,
				80C97BA425A76EB2008729A7 /* RecurringItemSummary */,
			);
			path = Recurring;
			sourceTree = "<group>";
		};
		80C97BA425A76EB2008729A7 /* RecurringItemSummary */ = {
			isa = PBXGroup;
			children = (
				80C97BA525A76ECF008729A7 /* AmountItemSummary.swift */,
				8070313725B0C5BB00122CE7 /* PrincipalItemSummary.swift */,
			);
			path = RecurringItemSummary;
			sourceTree = "<group>";
		};
		80C97BAD25A76F14008729A7 /* Types */ = {
			isa = PBXGroup;
			children = (
				80C97BAE25A76F27008729A7 /* RecurringItemType.swift */,
				80B7B8D825AD3098007F605F /* RecurringIntervalType.swift */,
				809F953225B3E52B007DE7F6 /* SuccessFail.swift */,
				809F953625B4959B007DE7F6 /* GoalMetricIdentifiable.swift */,
			);
			path = Types;
			sourceTree = "<group>";
		};
		80E2675F25BB84AD00277E52 /* Account */ = {
			isa = PBXGroup;
			children = (
				80E2676F25BD22D400277E52 /* AccountDetail */,
				80E2676025BB84B200277E52 /* AccountItemSummary */,
			);
			path = Account;
			sourceTree = "<group>";
		};
		80E2676025BB84B200277E52 /* AccountItemSummary */ = {
			isa = PBXGroup;
			children = (
				80E2676125BB84C900277E52 /* AccountItemSummary.swift */,
			);
			path = AccountItemSummary;
			sourceTree = "<group>";
		};
		80E2676F25BD22D400277E52 /* AccountDetail */ = {
			isa = PBXGroup;
			children = (
				80E2677025BD22E000277E52 /* AccountDetailView.swift */,
				80E2677425BD230900277E52 /* AccountDetailViewModel.swift */,
			);
			path = AccountDetail;
			sourceTree = "<group>";
		};
		80EF127A259E67A500E0543B /* ExpensesItemSummary */ = {
			isa = PBXGroup;
			children = (
				80EF127B259E67BA00E0543B /* ExpensesItemSummaryView.swift */,
			);
			path = ExpensesItemSummary;
			sourceTree = "<group>";
		};
		80F936F6258F06E500BBBE57 /* RecurringSummary */ = {
			isa = PBXGroup;
			children = (
				80F936F7258F06F500BBBE57 /* RecurringSummaryView.swift */,
				80F936FB258F070600BBBE57 /* RecurringSummaryViewModel.swift */,
				8071DCF525A769DA0056107B /* RecurringSubsectionView.swift */,
			);
			path = RecurringSummary;
			sourceTree = "<group>";
		};
		80F936FF258F0B5F00BBBE57 /* EventSummary */ = {
			isa = PBXGroup;
			children = (
				80F93700258F0B8700BBBE57 /* EventSummaryView.swift */,
				80F93706258F0B9100BBBE57 /* EventSummaryViewModel.swift */,
			);
			path = EventSummary;
			sourceTree = "<group>";
		};
		80F9EE2F2599433D007CD06C /* Constants */ = {
			isa = PBXGroup;
			children = (
				80F9EE3025994349007CD06C /* BusinessConstants.swift */,
			);
			path = Constants;
			sourceTree = "<group>";
		};
		80F9EE3625994379007CD06C /* Services */ = {
			isa = PBXGroup;
			children = (
				80F9EE3725994394007CD06C /* SignUpService.swift */,
				80D942F9259A3CA6001EA1B6 /* LogInService.swift */,
				80479C48259A51AE00CDA3DA /* PlansService.swift */,
				80479C85259ACA8700CDA3DA /* LeaderboardService.swift */,
				8071DCF125A759630056107B /* RecurringService.swift */,
				8070315825B293DC00122CE7 /* GoalsService.swift */,
				80E2675325BB177300277E52 /* AccountsService.swift */,
			);
			path = Services;
			sourceTree = "<group>";
		};
/* End PBXGroup section */

/* Begin PBXNativeTarget section */
		80725CF8254C71FE0054787C /* finchios */ = {
			isa = PBXNativeTarget;
			buildConfigurationList = 80725D23254C72020054787C /* Build configuration list for PBXNativeTarget "finchios" */;
			buildPhases = (
				80725CF5254C71FE0054787C /* Sources */,
				80725CF6254C71FE0054787C /* Frameworks */,
				80725CF7254C71FE0054787C /* Resources */,
				80046827256B4C5E0085B289 /* Embed Frameworks */,
			);
			buildRules = (
			);
			dependencies = (
			);
			name = finchios;
			packageProductDependencies = (
				80399A9C256B4D750014E2D9 /* Charts */,
				80F9EE2B25993A58007CD06C /* OpenAPIClient */,
			);
			productName = finchios;
			productReference = 80725CF9254C71FE0054787C /* finchios.app */;
			productType = "com.apple.product-type.application";
		};
		80725D0E254C72020054787C /* finchiosTests */ = {
			isa = PBXNativeTarget;
			buildConfigurationList = 80725D26254C72020054787C /* Build configuration list for PBXNativeTarget "finchiosTests" */;
			buildPhases = (
				80725D0B254C72020054787C /* Sources */,
				80725D0C254C72020054787C /* Frameworks */,
				80725D0D254C72020054787C /* Resources */,
			);
			buildRules = (
			);
			dependencies = (
				80725D11254C72020054787C /* PBXTargetDependency */,
			);
			name = finchiosTests;
			productName = finchiosTests;
			productReference = 80725D0F254C72020054787C /* finchiosTests.xctest */;
			productType = "com.apple.product-type.bundle.unit-test";
		};
		80725D19254C72020054787C /* finchiosUITests */ = {
			isa = PBXNativeTarget;
			buildConfigurationList = 80725D29254C72020054787C /* Build configuration list for PBXNativeTarget "finchiosUITests" */;
			buildPhases = (
				80725D16254C72020054787C /* Sources */,
				80725D17254C72020054787C /* Frameworks */,
				80725D18254C72020054787C /* Resources */,
			);
			buildRules = (
			);
			dependencies = (
				80725D1C254C72020054787C /* PBXTargetDependency */,
			);
			name = finchiosUITests;
			productName = finchiosUITests;
			productReference = 80725D1A254C72020054787C /* finchiosUITests.xctest */;
			productType = "com.apple.product-type.bundle.ui-testing";
		};
/* End PBXNativeTarget section */

/* Begin PBXProject section */
		80725CF1254C71FE0054787C /* Project object */ = {
			isa = PBXProject;
			attributes = {
				LastSwiftUpdateCheck = 1200;
				LastUpgradeCheck = 1200;
				TargetAttributes = {
					80725CF8254C71FE0054787C = {
						CreatedOnToolsVersion = 12.0.1;
					};
					80725D0E254C72020054787C = {
						CreatedOnToolsVersion = 12.0.1;
						TestTargetID = 80725CF8254C71FE0054787C;
					};
					80725D19254C72020054787C = {
						CreatedOnToolsVersion = 12.0.1;
						TestTargetID = 80725CF8254C71FE0054787C;
					};
				};
			};
			buildConfigurationList = 80725CF4254C71FE0054787C /* Build configuration list for PBXProject "finchios" */;
			compatibilityVersion = "Xcode 9.3";
			developmentRegion = en;
			hasScannedForEncodings = 0;
			knownRegions = (
				en,
				Base,
			);
			mainGroup = 80725CF0254C71FE0054787C;
			packageReferences = (
				80399A9B256B4D750014E2D9 /* XCRemoteSwiftPackageReference "Charts" */,
				80F9EE2A25993A58007CD06C /* XCRemoteSwiftPackageReference "FinchSwiftClient" */,
			);
			productRefGroup = 80725CFA254C71FE0054787C /* Products */;
			projectDirPath = "";
			projectRoot = "";
			targets = (
				80725CF8254C71FE0054787C /* finchios */,
				80725D0E254C72020054787C /* finchiosTests */,
				80725D19254C72020054787C /* finchiosUITests */,
			);
		};
/* End PBXProject section */

/* Begin PBXResourcesBuildPhase section */
		80725CF7254C71FE0054787C /* Resources */ = {
			isa = PBXResourcesBuildPhase;
			buildActionMask = 2147483647;
			files = (
				80725D04254C72010054787C /* Preview Assets.xcassets in Resources */,
				80725D01254C72010054787C /* Assets.xcassets in Resources */,
			);
			runOnlyForDeploymentPostprocessing = 0;
		};
		80725D0D254C72020054787C /* Resources */ = {
			isa = PBXResourcesBuildPhase;
			buildActionMask = 2147483647;
			files = (
			);
			runOnlyForDeploymentPostprocessing = 0;
		};
		80725D18254C72020054787C /* Resources */ = {
			isa = PBXResourcesBuildPhase;
			buildActionMask = 2147483647;
			files = (
			);
			runOnlyForDeploymentPostprocessing = 0;
		};
/* End PBXResourcesBuildPhase section */

/* Begin PBXSourcesBuildPhase section */
		80725CF5254C71FE0054787C /* Sources */ = {
			isa = PBXSourcesBuildPhase;
			buildActionMask = 2147483647;
			files = (
				80097008258FCB7E000B2A90 /* EventItemSummaryViewModel.swift in Sources */,
				80479C6A259AC2F300CDA3DA /* AccountsSummaryViewModel.swift in Sources */,
				80E2675425BB177300277E52 /* AccountsService.swift in Sources */,
				8026B6C0258A5FF2006CB2FB /* LogInView.swift in Sources */,
				8070314125B0D64000122CE7 /* RecurringDetailViewModel.swift in Sources */,
				8029D659258C2DD7007A44E1 /* StatisticsView.swift in Sources */,
				80168D2A258EC50700B12CA2 /* AllocationSummaryViewModel.swift in Sources */,
				80479C54259AC22000CDA3DA /* GoalSummaryView.swift in Sources */,
				809F955325B626E9007DE7F6 /* GoalEditViewModel.swift in Sources */,
				8026B6BF258A5FF2006CB2FB /* LogInViewModel.swift in Sources */,
				8026B6BB258A5FF2006CB2FB /* StartUpView.swift in Sources */,
				804AEA6D259FC2E8005D414C /* Goal.swift in Sources */,
				80479C75259AC60C00CDA3DA /* Color.swift in Sources */,
				80E2677525BD230900277E52 /* AccountDetailViewModel.swift in Sources */,
				80479C86259ACA8700CDA3DA /* LeaderboardService.swift in Sources */,
				80725D09254C72010054787C /* finchios.xcdatamodeld in Sources */,
				80C97BAF25A76F27008729A7 /* RecurringItemType.swift in Sources */,
				809F954225B5210D007DE7F6 /* GoalDetailViewModel.swift in Sources */,
				80479C80259ACA0900CDA3DA /* LeaderboardViewModel.swift in Sources */,
				80479C59259AC29900CDA3DA /* ExpensesSummaryView.swift in Sources */,
				8026B6DF258A6C71006CB2FB /* SignUpNameView.swift in Sources */,
				80F936F8258F06F500BBBE57 /* RecurringSummaryView.swift in Sources */,
				80AF8929258AD81F00291B23 /* SettingsView.swift in Sources */,
				80725D06254C72010054787C /* Persistence.swift in Sources */,
				80535FC225AD0BF9006521D4 /* NewRecurringModel.swift in Sources */,
				8070313825B0C5BB00122CE7 /* PrincipalItemSummary.swift in Sources */,
				8071DCF625A769DA0056107B /* RecurringSubsectionView.swift in Sources */,
				809F953C25B520FF007DE7F6 /* GoalDetailView.swift in Sources */,
				80C97BB525A7701F008729A7 /* Recurring.swift in Sources */,
				80B7B8D925AD3098007F605F /* RecurringIntervalType.swift in Sources */,
				80D942FA259A3CA6001EA1B6 /* LogInService.swift in Sources */,
				809F952925B3986B007DE7F6 /* NewGoalView.swift in Sources */,
				8026B6CB258A652D006CB2FB /* CredentialsObject.swift in Sources */,
				80576F92258D87C500210895 /* PieView.swift in Sources */,
				809F953325B3E52B007DE7F6 /* SuccessFail.swift in Sources */,
				8070315925B293DC00122CE7 /* GoalsService.swift in Sources */,
				809F952F25B3E4D9007DE7F6 /* NewGoalViewModel.swift in Sources */,
				809F952225B39766007DE7F6 /* GoalViewModel.swift in Sources */,
				80479C4E259AC21800CDA3DA /* GoalSummaryViewModel.swift in Sources */,
				80535FA025A91679006521D4 /* RecurringView.swift in Sources */,
				8070313D25B0CDCD00122CE7 /* RecurringDetailView.swift in Sources */,
				80E2676625BB869400277E52 /* Date.swift in Sources */,
				80E2676C25BC6C9400277E52 /* Account.swift in Sources */,
				80F93701258F0B8700BBBE57 /* EventSummaryView.swift in Sources */,
				8026B6B9258A5FF2006CB2FB /* SignUpModel.swift in Sources */,
				8029D664258C3730007A44E1 /* PlaidView.swift in Sources */,
				80F9EE3825994394007CD06C /* SignUpService.swift in Sources */,
				80EF127C259E67BA00E0543B /* ExpensesItemSummaryView.swift in Sources */,
				80097004258FCB48000B2A90 /* EventItemSummaryView.swift in Sources */,
				809F953725B4959B007DE7F6 /* GoalMetricIdentifiable.swift in Sources */,
				80AF8933258ADA0900291B23 /* ProjectionView.swift in Sources */,
				801F8962258C4461003B1A2D /* ProjectionViewModel.swift in Sources */,
				80F9EE3125994349007CD06C /* BusinessConstants.swift in Sources */,
				8026B6B6258A5FF2006CB2FB /* SignUpEmailView.swift in Sources */,
				80E2676225BB84C900277E52 /* AccountItemSummary.swift in Sources */,
				80168D25258EC33000B12CA2 /* GraphViewModel.swift in Sources */,
				804AEA66259FC222005D414C /* GoalItemSummaryView.swift in Sources */,
				80168D30258EC50E00B12CA2 /* AllocationSummaryView.swift in Sources */,
				809F954D25B626C1007DE7F6 /* GoalEditView.swift in Sources */,
				80479C6F259AC36400CDA3DA /* UIColor.swift in Sources */,
				8026B6D2258A6743006CB2FB /* AppTabView.swift in Sources */,
				8070315F25B294F900122CE7 /* GoalView.swift in Sources */,
				80479C49259A51AE00CDA3DA /* PlansService.swift in Sources */,
				80F936FC258F070600BBBE57 /* RecurringSummaryViewModel.swift in Sources */,
				8026B6BC258A5FF2006CB2FB /* StartUpViewModel.swift in Sources */,
				8071DCF225A759630056107B /* RecurringService.swift in Sources */,
				80576F9A258DA7FA00210895 /* LineView.swift in Sources */,
				80725CFD254C71FE0054787C /* finchiosApp.swift in Sources */,
				80C97BA625A76ECF008729A7 /* AmountItemSummary.swift in Sources */,
				8026B6BE258A5FF2006CB2FB /* IntroductionViewModel.swift in Sources */,
				8070314B25B2172600122CE7 /* RecurringEditView.swift in Sources */,
				80479C7A259AC9FF00CDA3DA /* LeaderboardView.swift in Sources */,
				80479C64259AC2EA00CDA3DA /* AccountsSummaryView.swift in Sources */,
				80F93707258F0B9100BBBE57 /* EventSummaryViewModel.swift in Sources */,
				80535FA625A916F2006521D4 /* RecurringViewState.swift in Sources */,
				80479C8B259ACB2B00CDA3DA /* LeaderboardItemView.swift in Sources */,
				8026B6BD258A5FF2006CB2FB /* IntroductionView.swift in Sources */,
				8026B6B7258A5FF2006CB2FB /* SignUpPasswordView.swift in Sources */,
				8070314F25B26A4200122CE7 /* RecurringEditViewModel.swift in Sources */,
				80535FBE25AD0B43006521D4 /* NewRecurringView.swift in Sources */,
				8070316725B295B000122CE7 /* GoalAndStatus.swift in Sources */,
				80479C5F259AC2A500CDA3DA /* ExpensesSummaryViewModel.swift in Sources */,
				80AF892F258AD83700291B23 /* SettingsViewModel.swift in Sources */,
				80C97BB925A775B7008729A7 /* Double.swift in Sources */,
				80E2677125BD22E000277E52 /* AccountDetailView.swift in Sources */,
				80168D1F258EC32900B12CA2 /* GraphView.swift in Sources */,
			);
			runOnlyForDeploymentPostprocessing = 0;
		};
		80725D0B254C72020054787C /* Sources */ = {
			isa = PBXSourcesBuildPhase;
			buildActionMask = 2147483647;
			files = (
				80E2677925BD251200277E52 /* GoalEditViewModelTest.swift in Sources */,
			);
			runOnlyForDeploymentPostprocessing = 0;
		};
		80725D16254C72020054787C /* Sources */ = {
			isa = PBXSourcesBuildPhase;
			buildActionMask = 2147483647;
			files = (
				80E2678125BD2DCC00277E52 /* SignUpIntegrationTest.swift in Sources */,
				80E2675825BB1C7F00277E52 /* LoginIntegrationTest.swift in Sources */,
			);
			runOnlyForDeploymentPostprocessing = 0;
		};
/* End PBXSourcesBuildPhase section */

/* Begin PBXTargetDependency section */
		80725D11254C72020054787C /* PBXTargetDependency */ = {
			isa = PBXTargetDependency;
			target = 80725CF8254C71FE0054787C /* finchios */;
			targetProxy = 80725D10254C72020054787C /* PBXContainerItemProxy */;
		};
		80725D1C254C72020054787C /* PBXTargetDependency */ = {
			isa = PBXTargetDependency;
			target = 80725CF8254C71FE0054787C /* finchios */;
			targetProxy = 80725D1B254C72020054787C /* PBXContainerItemProxy */;
		};
/* End PBXTargetDependency section */

/* Begin XCBuildConfiguration section */
		80725D21254C72020054787C /* Debug */ = {
			isa = XCBuildConfiguration;
			buildSettings = {
				ALWAYS_SEARCH_USER_PATHS = NO;
				CLANG_ANALYZER_NONNULL = YES;
				CLANG_ANALYZER_NUMBER_OBJECT_CONVERSION = YES_AGGRESSIVE;
				CLANG_CXX_LANGUAGE_STANDARD = "gnu++14";
				CLANG_CXX_LIBRARY = "libc++";
				CLANG_ENABLE_MODULES = YES;
				CLANG_ENABLE_OBJC_ARC = YES;
				CLANG_ENABLE_OBJC_WEAK = YES;
				CLANG_WARN_BLOCK_CAPTURE_AUTORELEASING = YES;
				CLANG_WARN_BOOL_CONVERSION = YES;
				CLANG_WARN_COMMA = YES;
				CLANG_WARN_CONSTANT_CONVERSION = YES;
				CLANG_WARN_DEPRECATED_OBJC_IMPLEMENTATIONS = YES;
				CLANG_WARN_DIRECT_OBJC_ISA_USAGE = YES_ERROR;
				CLANG_WARN_DOCUMENTATION_COMMENTS = YES;
				CLANG_WARN_EMPTY_BODY = YES;
				CLANG_WARN_ENUM_CONVERSION = YES;
				CLANG_WARN_INFINITE_RECURSION = YES;
				CLANG_WARN_INT_CONVERSION = YES;
				CLANG_WARN_NON_LITERAL_NULL_CONVERSION = YES;
				CLANG_WARN_OBJC_IMPLICIT_RETAIN_SELF = YES;
				CLANG_WARN_OBJC_LITERAL_CONVERSION = YES;
				CLANG_WARN_OBJC_ROOT_CLASS = YES_ERROR;
				CLANG_WARN_QUOTED_INCLUDE_IN_FRAMEWORK_HEADER = YES;
				CLANG_WARN_RANGE_LOOP_ANALYSIS = YES;
				CLANG_WARN_STRICT_PROTOTYPES = YES;
				CLANG_WARN_SUSPICIOUS_MOVE = YES;
				CLANG_WARN_UNGUARDED_AVAILABILITY = YES_AGGRESSIVE;
				CLANG_WARN_UNREACHABLE_CODE = YES;
				CLANG_WARN__DUPLICATE_METHOD_MATCH = YES;
				COPY_PHASE_STRIP = NO;
				DEBUG_INFORMATION_FORMAT = dwarf;
				ENABLE_STRICT_OBJC_MSGSEND = YES;
				ENABLE_TESTABILITY = YES;
				GCC_C_LANGUAGE_STANDARD = gnu11;
				GCC_DYNAMIC_NO_PIC = NO;
				GCC_NO_COMMON_BLOCKS = YES;
				GCC_OPTIMIZATION_LEVEL = 0;
				GCC_PREPROCESSOR_DEFINITIONS = (
					"DEBUG=1",
					"$(inherited)",
				);
				GCC_WARN_64_TO_32_BIT_CONVERSION = YES;
				GCC_WARN_ABOUT_RETURN_TYPE = YES_ERROR;
				GCC_WARN_UNDECLARED_SELECTOR = YES;
				GCC_WARN_UNINITIALIZED_AUTOS = YES_AGGRESSIVE;
				GCC_WARN_UNUSED_FUNCTION = YES;
				GCC_WARN_UNUSED_VARIABLE = YES;
				IPHONEOS_DEPLOYMENT_TARGET = 14.0;
				MTL_ENABLE_DEBUG_INFO = INCLUDE_SOURCE;
				MTL_FAST_MATH = YES;
				ONLY_ACTIVE_ARCH = YES;
				SDKROOT = iphoneos;
				SWIFT_ACTIVE_COMPILATION_CONDITIONS = DEBUG;
				SWIFT_OPTIMIZATION_LEVEL = "-Onone";
			};
			name = Debug;
		};
		80725D22254C72020054787C /* Release */ = {
			isa = XCBuildConfiguration;
			buildSettings = {
				ALWAYS_SEARCH_USER_PATHS = NO;
				CLANG_ANALYZER_NONNULL = YES;
				CLANG_ANALYZER_NUMBER_OBJECT_CONVERSION = YES_AGGRESSIVE;
				CLANG_CXX_LANGUAGE_STANDARD = "gnu++14";
				CLANG_CXX_LIBRARY = "libc++";
				CLANG_ENABLE_MODULES = YES;
				CLANG_ENABLE_OBJC_ARC = YES;
				CLANG_ENABLE_OBJC_WEAK = YES;
				CLANG_WARN_BLOCK_CAPTURE_AUTORELEASING = YES;
				CLANG_WARN_BOOL_CONVERSION = YES;
				CLANG_WARN_COMMA = YES;
				CLANG_WARN_CONSTANT_CONVERSION = YES;
				CLANG_WARN_DEPRECATED_OBJC_IMPLEMENTATIONS = YES;
				CLANG_WARN_DIRECT_OBJC_ISA_USAGE = YES_ERROR;
				CLANG_WARN_DOCUMENTATION_COMMENTS = YES;
				CLANG_WARN_EMPTY_BODY = YES;
				CLANG_WARN_ENUM_CONVERSION = YES;
				CLANG_WARN_INFINITE_RECURSION = YES;
				CLANG_WARN_INT_CONVERSION = YES;
				CLANG_WARN_NON_LITERAL_NULL_CONVERSION = YES;
				CLANG_WARN_OBJC_IMPLICIT_RETAIN_SELF = YES;
				CLANG_WARN_OBJC_LITERAL_CONVERSION = YES;
				CLANG_WARN_OBJC_ROOT_CLASS = YES_ERROR;
				CLANG_WARN_QUOTED_INCLUDE_IN_FRAMEWORK_HEADER = YES;
				CLANG_WARN_RANGE_LOOP_ANALYSIS = YES;
				CLANG_WARN_STRICT_PROTOTYPES = YES;
				CLANG_WARN_SUSPICIOUS_MOVE = YES;
				CLANG_WARN_UNGUARDED_AVAILABILITY = YES_AGGRESSIVE;
				CLANG_WARN_UNREACHABLE_CODE = YES;
				CLANG_WARN__DUPLICATE_METHOD_MATCH = YES;
				COPY_PHASE_STRIP = NO;
				DEBUG_INFORMATION_FORMAT = "dwarf-with-dsym";
				ENABLE_NS_ASSERTIONS = NO;
				ENABLE_STRICT_OBJC_MSGSEND = YES;
				GCC_C_LANGUAGE_STANDARD = gnu11;
				GCC_NO_COMMON_BLOCKS = YES;
				GCC_WARN_64_TO_32_BIT_CONVERSION = YES;
				GCC_WARN_ABOUT_RETURN_TYPE = YES_ERROR;
				GCC_WARN_UNDECLARED_SELECTOR = YES;
				GCC_WARN_UNINITIALIZED_AUTOS = YES_AGGRESSIVE;
				GCC_WARN_UNUSED_FUNCTION = YES;
				GCC_WARN_UNUSED_VARIABLE = YES;
				IPHONEOS_DEPLOYMENT_TARGET = 14.0;
				MTL_ENABLE_DEBUG_INFO = NO;
				MTL_FAST_MATH = YES;
				SDKROOT = iphoneos;
				SWIFT_ACTIVE_COMPILATION_CONDITIONS = RELEASE;
				SWIFT_COMPILATION_MODE = wholemodule;
				SWIFT_OPTIMIZATION_LEVEL = "-O";
				VALIDATE_PRODUCT = YES;
			};
			name = Release;
		};
		80725D24254C72020054787C /* Debug */ = {
			isa = XCBuildConfiguration;
			buildSettings = {
				ASSETCATALOG_COMPILER_APPICON_NAME = AppIcon;
				ASSETCATALOG_COMPILER_GLOBAL_ACCENT_COLOR_NAME = AccentColor;
				CODE_SIGN_STYLE = Automatic;
				DEVELOPMENT_ASSET_PATHS = "\"finchios/Preview Content\"";
				DEVELOPMENT_TEAM = C5GK8DGYP5;
				ENABLE_PREVIEWS = YES;
				INFOPLIST_FILE = finchios/Info.plist;
				IPHONEOS_DEPLOYMENT_TARGET = 14.0;
				LD_RUNPATH_SEARCH_PATHS = (
					"$(inherited)",
					"@executable_path/Frameworks",
				);
				PRODUCT_BUNDLE_IDENTIFIER = com.finchapp.finchios;
				PRODUCT_NAME = "$(TARGET_NAME)";
				SWIFT_VERSION = 5.0;
				TARGETED_DEVICE_FAMILY = "1,2";
			};
			name = Debug;
		};
		80725D25254C72020054787C /* Release */ = {
			isa = XCBuildConfiguration;
			buildSettings = {
				ASSETCATALOG_COMPILER_APPICON_NAME = AppIcon;
				ASSETCATALOG_COMPILER_GLOBAL_ACCENT_COLOR_NAME = AccentColor;
				CODE_SIGN_STYLE = Automatic;
				DEVELOPMENT_ASSET_PATHS = "\"finchios/Preview Content\"";
				DEVELOPMENT_TEAM = C5GK8DGYP5;
				ENABLE_PREVIEWS = YES;
				INFOPLIST_FILE = finchios/Info.plist;
				IPHONEOS_DEPLOYMENT_TARGET = 14.0;
				LD_RUNPATH_SEARCH_PATHS = (
					"$(inherited)",
					"@executable_path/Frameworks",
				);
				PRODUCT_BUNDLE_IDENTIFIER = com.finchapp.finchios;
				PRODUCT_NAME = "$(TARGET_NAME)";
				SWIFT_VERSION = 5.0;
				TARGETED_DEVICE_FAMILY = "1,2";
			};
			name = Release;
		};
		80725D27254C72020054787C /* Debug */ = {
			isa = XCBuildConfiguration;
			buildSettings = {
				ALWAYS_EMBED_SWIFT_STANDARD_LIBRARIES = YES;
				BUNDLE_LOADER = "$(TEST_HOST)";
				CODE_SIGN_STYLE = Automatic;
				DEVELOPMENT_TEAM = C5GK8DGYP5;
				INFOPLIST_FILE = finchiosTests/Info.plist;
				IPHONEOS_DEPLOYMENT_TARGET = 14.0;
				LD_RUNPATH_SEARCH_PATHS = (
					"$(inherited)",
					"@executable_path/Frameworks",
					"@loader_path/Frameworks",
				);
				PRODUCT_BUNDLE_IDENTIFIER = com.finchapp.finchiosTests;
				PRODUCT_NAME = "$(TARGET_NAME)";
				SWIFT_VERSION = 5.0;
				TARGETED_DEVICE_FAMILY = "1,2";
				TEST_HOST = "$(BUILT_PRODUCTS_DIR)/finchios.app/finchios";
			};
			name = Debug;
		};
		80725D28254C72020054787C /* Release */ = {
			isa = XCBuildConfiguration;
			buildSettings = {
				ALWAYS_EMBED_SWIFT_STANDARD_LIBRARIES = YES;
				BUNDLE_LOADER = "$(TEST_HOST)";
				CODE_SIGN_STYLE = Automatic;
				DEVELOPMENT_TEAM = C5GK8DGYP5;
				INFOPLIST_FILE = finchiosTests/Info.plist;
				IPHONEOS_DEPLOYMENT_TARGET = 14.0;
				LD_RUNPATH_SEARCH_PATHS = (
					"$(inherited)",
					"@executable_path/Frameworks",
					"@loader_path/Frameworks",
				);
				PRODUCT_BUNDLE_IDENTIFIER = com.finchapp.finchiosTests;
				PRODUCT_NAME = "$(TARGET_NAME)";
				SWIFT_VERSION = 5.0;
				TARGETED_DEVICE_FAMILY = "1,2";
				TEST_HOST = "$(BUILT_PRODUCTS_DIR)/finchios.app/finchios";
			};
			name = Release;
		};
		80725D2A254C72020054787C /* Debug */ = {
			isa = XCBuildConfiguration;
			buildSettings = {
				ALWAYS_EMBED_SWIFT_STANDARD_LIBRARIES = YES;
				CODE_SIGN_STYLE = Automatic;
				DEVELOPMENT_TEAM = C5GK8DGYP5;
				INFOPLIST_FILE = finchiosUITests/Info.plist;
				LD_RUNPATH_SEARCH_PATHS = (
					"$(inherited)",
					"@executable_path/Frameworks",
					"@loader_path/Frameworks",
				);
				PRODUCT_BUNDLE_IDENTIFIER = com.finchapp.finchiosUITests;
				PRODUCT_NAME = "$(TARGET_NAME)";
				SWIFT_VERSION = 5.0;
				TARGETED_DEVICE_FAMILY = "1,2";
				TEST_TARGET_NAME = finchios;
			};
			name = Debug;
		};
		80725D2B254C72020054787C /* Release */ = {
			isa = XCBuildConfiguration;
			buildSettings = {
				ALWAYS_EMBED_SWIFT_STANDARD_LIBRARIES = YES;
				CODE_SIGN_STYLE = Automatic;
				DEVELOPMENT_TEAM = C5GK8DGYP5;
				INFOPLIST_FILE = finchiosUITests/Info.plist;
				LD_RUNPATH_SEARCH_PATHS = (
					"$(inherited)",
					"@executable_path/Frameworks",
					"@loader_path/Frameworks",
				);
				PRODUCT_BUNDLE_IDENTIFIER = com.finchapp.finchiosUITests;
				PRODUCT_NAME = "$(TARGET_NAME)";
				SWIFT_VERSION = 5.0;
				TARGETED_DEVICE_FAMILY = "1,2";
				TEST_TARGET_NAME = finchios;
			};
			name = Release;
		};
/* End XCBuildConfiguration section */

/* Begin XCConfigurationList section */
		80725CF4254C71FE0054787C /* Build configuration list for PBXProject "finchios" */ = {
			isa = XCConfigurationList;
			buildConfigurations = (
				80725D21254C72020054787C /* Debug */,
				80725D22254C72020054787C /* Release */,
			);
			defaultConfigurationIsVisible = 0;
			defaultConfigurationName = Release;
		};
		80725D23254C72020054787C /* Build configuration list for PBXNativeTarget "finchios" */ = {
			isa = XCConfigurationList;
			buildConfigurations = (
				80725D24254C72020054787C /* Debug */,
				80725D25254C72020054787C /* Release */,
			);
			defaultConfigurationIsVisible = 0;
			defaultConfigurationName = Release;
		};
		80725D26254C72020054787C /* Build configuration list for PBXNativeTarget "finchiosTests" */ = {
			isa = XCConfigurationList;
			buildConfigurations = (
				80725D27254C72020054787C /* Debug */,
				80725D28254C72020054787C /* Release */,
			);
			defaultConfigurationIsVisible = 0;
			defaultConfigurationName = Release;
		};
		80725D29254C72020054787C /* Build configuration list for PBXNativeTarget "finchiosUITests" */ = {
			isa = XCConfigurationList;
			buildConfigurations = (
				80725D2A254C72020054787C /* Debug */,
				80725D2B254C72020054787C /* Release */,
			);
			defaultConfigurationIsVisible = 0;
			defaultConfigurationName = Release;
		};
/* End XCConfigurationList section */

/* Begin XCRemoteSwiftPackageReference section */
		80399A9B256B4D750014E2D9 /* XCRemoteSwiftPackageReference "Charts" */ = {
			isa = XCRemoteSwiftPackageReference;
			repositoryURL = "https://github.com/danielgindi/Charts";
			requirement = {
				kind = exactVersion;
				version = 3.6.0;
			};
		};
		80F9EE2A25993A58007CD06C /* XCRemoteSwiftPackageReference "FinchSwiftClient" */ = {
			isa = XCRemoteSwiftPackageReference;
			repositoryURL = "https://github.com/ucfinancegroup/FinchSwiftClient";
			requirement = {
				branch = main;
				kind = branch;
			};
		};
/* End XCRemoteSwiftPackageReference section */

/* Begin XCSwiftPackageProductDependency section */
		80399A9C256B4D750014E2D9 /* Charts */ = {
			isa = XCSwiftPackageProductDependency;
			package = 80399A9B256B4D750014E2D9 /* XCRemoteSwiftPackageReference "Charts" */;
			productName = Charts;
		};
		80F9EE2B25993A58007CD06C /* OpenAPIClient */ = {
			isa = XCSwiftPackageProductDependency;
			package = 80F9EE2A25993A58007CD06C /* XCRemoteSwiftPackageReference "FinchSwiftClient" */;
			productName = OpenAPIClient;
		};
/* End XCSwiftPackageProductDependency section */

/* Begin XCVersionGroup section */
		80725D07254C72010054787C /* finchios.xcdatamodeld */ = {
			isa = XCVersionGroup;
			children = (
				80725D08254C72010054787C /* finchios.xcdatamodel */,
			);
			currentVersion = 80725D08254C72010054787C /* finchios.xcdatamodel */;
			path = finchios.xcdatamodeld;
			sourceTree = "<group>";
			versionGroupType = wrapper.xcdatamodel;
		};
/* End XCVersionGroup section */
	};
	rootObject = 80725CF1254C71FE0054787C /* Project object */;
}
